// !$*UTF8*$!
{
	archiveVersion = 1;
	classes = {
	};
	objectVersion = 46;
	objects = {

/* Begin PBXBuildFile section */
		21F59C2C1E86270A007A0402 /* AppDelegate.swift in Sources */ = {isa = PBXBuildFile; fileRef = 21F59C2B1E86270A007A0402 /* AppDelegate.swift */; };
		21F59C311E86270A007A0402 /* Main.storyboard in Resources */ = {isa = PBXBuildFile; fileRef = 21F59C2F1E86270A007A0402 /* Main.storyboard */; };
		21F59C331E86270A007A0402 /* Assets.xcassets in Resources */ = {isa = PBXBuildFile; fileRef = 21F59C321E86270A007A0402 /* Assets.xcassets */; };
		21F59C361E86270A007A0402 /* LaunchScreen.storyboard in Resources */ = {isa = PBXBuildFile; fileRef = 21F59C341E86270A007A0402 /* LaunchScreen.storyboard */; };
		21F59C411E86270A007A0402 /* Contacts_AppTests.swift in Sources */ = {isa = PBXBuildFile; fileRef = 21F59C401E86270A007A0402 /* Contacts_AppTests.swift */; };
		21F59C4C1E86270A007A0402 /* Contacts_AppUITests.swift in Sources */ = {isa = PBXBuildFile; fileRef = 21F59C4B1E86270A007A0402 /* Contacts_AppUITests.swift */; };
		21F59C691E864076007A0402 /* RequestBody.swift in Sources */ = {isa = PBXBuildFile; fileRef = 21F59C671E864076007A0402 /* RequestBody.swift */; };
		21F59C6A1E864076007A0402 /* RouterProtocol.swift in Sources */ = {isa = PBXBuildFile; fileRef = 21F59C681E864076007A0402 /* RouterProtocol.swift */; };
		21F59C6C1E86414E007A0402 /* ContactsHelper.swift in Sources */ = {isa = PBXBuildFile; fileRef = 21F59C6B1E86414E007A0402 /* ContactsHelper.swift */; };
		21F59C711E86437E007A0402 /* HomeViewController.swift in Sources */ = {isa = PBXBuildFile; fileRef = 21F59C701E86437E007A0402 /* HomeViewController.swift */; };
		3F87CBFBE34FC2B19941F9BA /* Pods_Contacts_AppTests.framework in Frameworks */ = {isa = PBXBuildFile; fileRef = F72103E94EE2C5EFE39681AC /* Pods_Contacts_AppTests.framework */; };
		57F212B3FC6B5D6D4340C3C4 /* Pods_Contacts_App.framework in Frameworks */ = {isa = PBXBuildFile; fileRef = 40AD219CF3E30C6FE4747834 /* Pods_Contacts_App.framework */; };
		6E637C8D85F41A6034F73C49 /* Pods_Contacts_AppUITests.framework in Frameworks */ = {isa = PBXBuildFile; fileRef = 42F3B2269DCE5D9455CF34F2 /* Pods_Contacts_AppUITests.framework */; };
/* End PBXBuildFile section */

/* Begin PBXContainerItemProxy section */
		21F59C3D1E86270A007A0402 /* PBXContainerItemProxy */ = {
			isa = PBXContainerItemProxy;
			containerPortal = 21F59C201E862709007A0402 /* Project object */;
			proxyType = 1;
			remoteGlobalIDString = 21F59C271E862709007A0402;
			remoteInfo = "Contacts App";
		};
		21F59C481E86270A007A0402 /* PBXContainerItemProxy */ = {
			isa = PBXContainerItemProxy;
			containerPortal = 21F59C201E862709007A0402 /* Project object */;
			proxyType = 1;
			remoteGlobalIDString = 21F59C271E862709007A0402;
			remoteInfo = "Contacts App";
		};
/* End PBXContainerItemProxy section */

/* Begin PBXFileReference section */
		03318F5704A646F35A245EB0 /* Pods-Contacts AppUITests.release.xcconfig */ = {isa = PBXFileReference; includeInIndex = 1; lastKnownFileType = text.xcconfig; name = "Pods-Contacts AppUITests.release.xcconfig"; path = "Pods/Target Support Files/Pods-Contacts AppUITests/Pods-Contacts AppUITests.release.xcconfig"; sourceTree = "<group>"; };
		19944FC0BB4CFA09F55113F0 /* Pods-Contacts AppTests.release.xcconfig */ = {isa = PBXFileReference; includeInIndex = 1; lastKnownFileType = text.xcconfig; name = "Pods-Contacts AppTests.release.xcconfig"; path = "Pods/Target Support Files/Pods-Contacts AppTests/Pods-Contacts AppTests.release.xcconfig"; sourceTree = "<group>"; };
		21F59C281E86270A007A0402 /* Contacts App.app */ = {isa = PBXFileReference; explicitFileType = wrapper.application; includeInIndex = 0; path = "Contacts App.app"; sourceTree = BUILT_PRODUCTS_DIR; };
		21F59C2B1E86270A007A0402 /* AppDelegate.swift */ = {isa = PBXFileReference; lastKnownFileType = sourcecode.swift; path = AppDelegate.swift; sourceTree = "<group>"; };
		21F59C301E86270A007A0402 /* Base */ = {isa = PBXFileReference; lastKnownFileType = file.storyboard; name = Base; path = Base.lproj/Main.storyboard; sourceTree = "<group>"; };
		21F59C321E86270A007A0402 /* Assets.xcassets */ = {isa = PBXFileReference; lastKnownFileType = folder.assetcatalog; path = Assets.xcassets; sourceTree = "<group>"; };
		21F59C351E86270A007A0402 /* Base */ = {isa = PBXFileReference; lastKnownFileType = file.storyboard; name = Base; path = Base.lproj/LaunchScreen.storyboard; sourceTree = "<group>"; };
		21F59C371E86270A007A0402 /* Info.plist */ = {isa = PBXFileReference; lastKnownFileType = text.plist.xml; path = Info.plist; sourceTree = "<group>"; };
		21F59C3C1E86270A007A0402 /* Contacts AppTests.xctest */ = {isa = PBXFileReference; explicitFileType = wrapper.cfbundle; includeInIndex = 0; path = "Contacts AppTests.xctest"; sourceTree = BUILT_PRODUCTS_DIR; };
		21F59C401E86270A007A0402 /* Contacts_AppTests.swift */ = {isa = PBXFileReference; lastKnownFileType = sourcecode.swift; path = Contacts_AppTests.swift; sourceTree = "<group>"; };
		21F59C421E86270A007A0402 /* Info.plist */ = {isa = PBXFileReference; lastKnownFileType = text.plist.xml; path = Info.plist; sourceTree = "<group>"; };
		21F59C471E86270A007A0402 /* Contacts AppUITests.xctest */ = {isa = PBXFileReference; explicitFileType = wrapper.cfbundle; includeInIndex = 0; path = "Contacts AppUITests.xctest"; sourceTree = BUILT_PRODUCTS_DIR; };
		21F59C4B1E86270A007A0402 /* Contacts_AppUITests.swift */ = {isa = PBXFileReference; lastKnownFileType = sourcecode.swift; path = Contacts_AppUITests.swift; sourceTree = "<group>"; };
		21F59C4D1E86270A007A0402 /* Info.plist */ = {isa = PBXFileReference; lastKnownFileType = text.plist.xml; path = Info.plist; sourceTree = "<group>"; };
		21F59C671E864076007A0402 /* RequestBody.swift */ = {isa = PBXFileReference; fileEncoding = 4; lastKnownFileType = sourcecode.swift; path = RequestBody.swift; sourceTree = "<group>"; };
		21F59C681E864076007A0402 /* RouterProtocol.swift */ = {isa = PBXFileReference; fileEncoding = 4; lastKnownFileType = sourcecode.swift; path = RouterProtocol.swift; sourceTree = "<group>"; };
		21F59C6B1E86414E007A0402 /* ContactsHelper.swift */ = {isa = PBXFileReference; fileEncoding = 4; lastKnownFileType = sourcecode.swift; path = ContactsHelper.swift; sourceTree = "<group>"; };
		21F59C701E86437E007A0402 /* HomeViewController.swift */ = {isa = PBXFileReference; fileEncoding = 4; lastKnownFileType = sourcecode.swift; path = HomeViewController.swift; sourceTree = "<group>"; };
		40AD219CF3E30C6FE4747834 /* Pods_Contacts_App.framework */ = {isa = PBXFileReference; explicitFileType = wrapper.framework; includeInIndex = 0; path = Pods_Contacts_App.framework; sourceTree = BUILT_PRODUCTS_DIR; };
		42F3B2269DCE5D9455CF34F2 /* Pods_Contacts_AppUITests.framework */ = {isa = PBXFileReference; explicitFileType = wrapper.framework; includeInIndex = 0; path = Pods_Contacts_AppUITests.framework; sourceTree = BUILT_PRODUCTS_DIR; };
		4A097E63B2BCFAE06DF8FA3A /* Pods-Contacts AppUITests.debug.xcconfig */ = {isa = PBXFileReference; includeInIndex = 1; lastKnownFileType = text.xcconfig; name = "Pods-Contacts AppUITests.debug.xcconfig"; path = "Pods/Target Support Files/Pods-Contacts AppUITests/Pods-Contacts AppUITests.debug.xcconfig"; sourceTree = "<group>"; };
		B885C37569C71A6BC94274D7 /* Pods-Contacts AppTests.debug.xcconfig */ = {isa = PBXFileReference; includeInIndex = 1; lastKnownFileType = text.xcconfig; name = "Pods-Contacts AppTests.debug.xcconfig"; path = "Pods/Target Support Files/Pods-Contacts AppTests/Pods-Contacts AppTests.debug.xcconfig"; sourceTree = "<group>"; };
		E979F4B525BDEBB3F7201EA0 /* Pods-Contacts App.release.xcconfig */ = {isa = PBXFileReference; includeInIndex = 1; lastKnownFileType = text.xcconfig; name = "Pods-Contacts App.release.xcconfig"; path = "Pods/Target Support Files/Pods-Contacts App/Pods-Contacts App.release.xcconfig"; sourceTree = "<group>"; };
		EC88544A3788AB2F89DF3A2D /* Pods-Contacts App.debug.xcconfig */ = {isa = PBXFileReference; includeInIndex = 1; lastKnownFileType = text.xcconfig; name = "Pods-Contacts App.debug.xcconfig"; path = "Pods/Target Support Files/Pods-Contacts App/Pods-Contacts App.debug.xcconfig"; sourceTree = "<group>"; };
		F72103E94EE2C5EFE39681AC /* Pods_Contacts_AppTests.framework */ = {isa = PBXFileReference; explicitFileType = wrapper.framework; includeInIndex = 0; path = Pods_Contacts_AppTests.framework; sourceTree = BUILT_PRODUCTS_DIR; };
/* End PBXFileReference section */

/* Begin PBXFrameworksBuildPhase section */
		21F59C251E862709007A0402 /* Frameworks */ = {
			isa = PBXFrameworksBuildPhase;
			buildActionMask = 2147483647;
			files = (
				57F212B3FC6B5D6D4340C3C4 /* Pods_Contacts_App.framework in Frameworks */,
			);
			runOnlyForDeploymentPostprocessing = 0;
		};
		21F59C391E86270A007A0402 /* Frameworks */ = {
			isa = PBXFrameworksBuildPhase;
			buildActionMask = 2147483647;
			files = (
				3F87CBFBE34FC2B19941F9BA /* Pods_Contacts_AppTests.framework in Frameworks */,
			);
			runOnlyForDeploymentPostprocessing = 0;
		};
		21F59C441E86270A007A0402 /* Frameworks */ = {
			isa = PBXFrameworksBuildPhase;
			buildActionMask = 2147483647;
			files = (
				6E637C8D85F41A6034F73C49 /* Pods_Contacts_AppUITests.framework in Frameworks */,
			);
			runOnlyForDeploymentPostprocessing = 0;
		};
/* End PBXFrameworksBuildPhase section */

/* Begin PBXGroup section */
		03E0C7128840778D72483061 /* Frameworks */ = {
			isa = PBXGroup;
			children = (
				40AD219CF3E30C6FE4747834 /* Pods_Contacts_App.framework */,
				F72103E94EE2C5EFE39681AC /* Pods_Contacts_AppTests.framework */,
				42F3B2269DCE5D9455CF34F2 /* Pods_Contacts_AppUITests.framework */,
			);
			name = Frameworks;
			sourceTree = "<group>";
		};
		21F59C1F1E862709007A0402 = {
			isa = PBXGroup;
			children = (
				21F59C2A1E86270A007A0402 /* Contacts App */,
				21F59C3F1E86270A007A0402 /* Contacts AppTests */,
				21F59C4A1E86270A007A0402 /* Contacts AppUITests */,
				21F59C291E86270A007A0402 /* Products */,
				597D0AD0547606CDC6EF19B3 /* Pods */,
				03E0C7128840778D72483061 /* Frameworks */,
			);
			sourceTree = "<group>";
		};
		21F59C291E86270A007A0402 /* Products */ = {
			isa = PBXGroup;
			children = (
				21F59C281E86270A007A0402 /* Contacts App.app */,
				21F59C3C1E86270A007A0402 /* Contacts AppTests.xctest */,
				21F59C471E86270A007A0402 /* Contacts AppUITests.xctest */,
			);
			name = Products;
			sourceTree = "<group>";
		};
		21F59C2A1E86270A007A0402 /* Contacts App */ = {
			isa = PBXGroup;
			children = (
				21F59C5F1E863FC8007A0402 /* Common */,
				21F59C6D1E864348007A0402 /* Controller */,
				21F59C6E1E864348007A0402 /* Model */,
				21F59C6F1E864348007A0402 /* View */,
				21F59C2B1E86270A007A0402 /* AppDelegate.swift */,
				21F59C2F1E86270A007A0402 /* Main.storyboard */,
				21F59C321E86270A007A0402 /* Assets.xcassets */,
				21F59C341E86270A007A0402 /* LaunchScreen.storyboard */,
				21F59C371E86270A007A0402 /* Info.plist */,
			);
			path = "Contacts App";
			sourceTree = "<group>";
		};
		21F59C3F1E86270A007A0402 /* Contacts AppTests */ = {
			isa = PBXGroup;
			children = (
				21F59C401E86270A007A0402 /* Contacts_AppTests.swift */,
				21F59C421E86270A007A0402 /* Info.plist */,
			);
			path = "Contacts AppTests";
			sourceTree = "<group>";
		};
		21F59C4A1E86270A007A0402 /* Contacts AppUITests */ = {
			isa = PBXGroup;
			children = (
				21F59C4B1E86270A007A0402 /* Contacts_AppUITests.swift */,
				21F59C4D1E86270A007A0402 /* Info.plist */,
			);
			path = "Contacts AppUITests";
			sourceTree = "<group>";
		};
		21F59C5F1E863FC8007A0402 /* Common */ = {
			isa = PBXGroup;
			children = (
				21F59C651E864076007A0402 /* Helper */,
				21F59C661E864076007A0402 /* Protocol */,
				21F59C601E863FC8007A0402 /* Router */,
			);
			path = Common;
			sourceTree = "<group>";
		};
		21F59C601E863FC8007A0402 /* Router */ = {
			isa = PBXGroup;
			children = (
			);
			path = Router;
			sourceTree = "<group>";
		};
		21F59C651E864076007A0402 /* Helper */ = {
			isa = PBXGroup;
			children = (
				21F59C6B1E86414E007A0402 /* ContactsHelper.swift */,
			);
			path = Helper;
			sourceTree = "<group>";
		};
		21F59C661E864076007A0402 /* Protocol */ = {
			isa = PBXGroup;
			children = (
				21F59C671E864076007A0402 /* RequestBody.swift */,
				21F59C681E864076007A0402 /* RouterProtocol.swift */,
			);
			path = Protocol;
			sourceTree = "<group>";
		};
		21F59C6D1E864348007A0402 /* Controller */ = {
			isa = PBXGroup;
			children = (
				21F59C701E86437E007A0402 /* HomeViewController.swift */,
			);
			path = Controller;
			sourceTree = "<group>";
		};
		21F59C6E1E864348007A0402 /* Model */ = {
			isa = PBXGroup;
			children = (
			);
			path = Model;
			sourceTree = "<group>";
		};
		21F59C6F1E864348007A0402 /* View */ = {
			isa = PBXGroup;
			children = (
			);
			path = View;
			sourceTree = "<group>";
		};
		597D0AD0547606CDC6EF19B3 /* Pods */ = {
			isa = PBXGroup;
			children = (
				EC88544A3788AB2F89DF3A2D /* Pods-Contacts App.debug.xcconfig */,
				E979F4B525BDEBB3F7201EA0 /* Pods-Contacts App.release.xcconfig */,
				B885C37569C71A6BC94274D7 /* Pods-Contacts AppTests.debug.xcconfig */,
				19944FC0BB4CFA09F55113F0 /* Pods-Contacts AppTests.release.xcconfig */,
				4A097E63B2BCFAE06DF8FA3A /* Pods-Contacts AppUITests.debug.xcconfig */,
				03318F5704A646F35A245EB0 /* Pods-Contacts AppUITests.release.xcconfig */,
			);
			name = Pods;
			sourceTree = "<group>";
		};
/* End PBXGroup section */

/* Begin PBXNativeTarget section */
		21F59C271E862709007A0402 /* Contacts App */ = {
			isa = PBXNativeTarget;
			buildConfigurationList = 21F59C501E86270A007A0402 /* Build configuration list for PBXNativeTarget "Contacts App" */;
			buildPhases = (
				9B9B1684B240A7500A38CE44 /* [CP] Check Pods Manifest.lock */,
				21F59C241E862709007A0402 /* Sources */,
				21F59C251E862709007A0402 /* Frameworks */,
				21F59C261E862709007A0402 /* Resources */,
				4C1482C7237315CA8B4DD941 /* [CP] Embed Pods Frameworks */,
				09237AC6EBD5D6ACBDCE63E4 /* [CP] Copy Pods Resources */,
			);
			buildRules = (
			);
			dependencies = (
			);
			name = "Contacts App";
			productName = "Contacts App";
			productReference = 21F59C281E86270A007A0402 /* Contacts App.app */;
			productType = "com.apple.product-type.application";
		};
		21F59C3B1E86270A007A0402 /* Contacts AppTests */ = {
			isa = PBXNativeTarget;
			buildConfigurationList = 21F59C531E86270A007A0402 /* Build configuration list for PBXNativeTarget "Contacts AppTests" */;
			buildPhases = (
				EF97B01A3740D9886372EEF6 /* [CP] Check Pods Manifest.lock */,
				21F59C381E86270A007A0402 /* Sources */,
				21F59C391E86270A007A0402 /* Frameworks */,
				21F59C3A1E86270A007A0402 /* Resources */,
				BF4700841F99EC07884385AF /* [CP] Embed Pods Frameworks */,
				424EAB720DEFD3EC3F586361 /* [CP] Copy Pods Resources */,
			);
			buildRules = (
			);
			dependencies = (
				21F59C3E1E86270A007A0402 /* PBXTargetDependency */,
			);
			name = "Contacts AppTests";
			productName = "Contacts AppTests";
			productReference = 21F59C3C1E86270A007A0402 /* Contacts AppTests.xctest */;
			productType = "com.apple.product-type.bundle.unit-test";
		};
		21F59C461E86270A007A0402 /* Contacts AppUITests */ = {
			isa = PBXNativeTarget;
			buildConfigurationList = 21F59C561E86270A007A0402 /* Build configuration list for PBXNativeTarget "Contacts AppUITests" */;
			buildPhases = (
				6A7B3EC63F0F4CF77E4BFF50 /* [CP] Check Pods Manifest.lock */,
				21F59C431E86270A007A0402 /* Sources */,
				21F59C441E86270A007A0402 /* Frameworks */,
				21F59C451E86270A007A0402 /* Resources */,
				0400ECD56393316E8E061DD0 /* [CP] Copy Pods Resources */,
			);
			buildRules = (
			);
			dependencies = (
				21F59C491E86270A007A0402 /* PBXTargetDependency */,
			);
			name = "Contacts AppUITests";
			productName = "Contacts AppUITests";
			productReference = 21F59C471E86270A007A0402 /* Contacts AppUITests.xctest */;
			productType = "com.apple.product-type.bundle.ui-testing";
		};
/* End PBXNativeTarget section */

/* Begin PBXProject section */
		21F59C201E862709007A0402 /* Project object */ = {
			isa = PBXProject;
			attributes = {
				LastSwiftUpdateCheck = 0810;
				LastUpgradeCheck = 0810;
				ORGANIZATIONNAME = "Aadi's World";
				TargetAttributes = {
					21F59C271E862709007A0402 = {
						CreatedOnToolsVersion = 8.1;
						DevelopmentTeam = KB2S2GGRRN;
						LastSwiftMigration = 0810;
						ProvisioningStyle = Automatic;
					};
					21F59C3B1E86270A007A0402 = {
						CreatedOnToolsVersion = 8.1;
						DevelopmentTeam = KB2S2GGRRN;
						LastSwiftMigration = 0810;
						ProvisioningStyle = Automatic;
						TestTargetID = 21F59C271E862709007A0402;
					};
					21F59C461E86270A007A0402 = {
						CreatedOnToolsVersion = 8.1;
						DevelopmentTeam = KB2S2GGRRN;
						LastSwiftMigration = 0810;
						ProvisioningStyle = Automatic;
						TestTargetID = 21F59C271E862709007A0402;
					};
				};
			};
			buildConfigurationList = 21F59C231E862709007A0402 /* Build configuration list for PBXProject "Contacts App" */;
			compatibilityVersion = "Xcode 3.2";
			developmentRegion = English;
			hasScannedForEncodings = 0;
			knownRegions = (
				en,
				Base,
			);
			mainGroup = 21F59C1F1E862709007A0402;
			productRefGroup = 21F59C291E86270A007A0402 /* Products */;
			projectDirPath = "";
			projectRoot = "";
			targets = (
				21F59C271E862709007A0402 /* Contacts App */,
				21F59C3B1E86270A007A0402 /* Contacts AppTests */,
				21F59C461E86270A007A0402 /* Contacts AppUITests */,
			);
		};
/* End PBXProject section */

/* Begin PBXResourcesBuildPhase section */
		21F59C261E862709007A0402 /* Resources */ = {
			isa = PBXResourcesBuildPhase;
			buildActionMask = 2147483647;
			files = (
				21F59C361E86270A007A0402 /* LaunchScreen.storyboard in Resources */,
				21F59C331E86270A007A0402 /* Assets.xcassets in Resources */,
				21F59C311E86270A007A0402 /* Main.storyboard in Resources */,
			);
			runOnlyForDeploymentPostprocessing = 0;
		};
		21F59C3A1E86270A007A0402 /* Resources */ = {
			isa = PBXResourcesBuildPhase;
			buildActionMask = 2147483647;
			files = (
			);
			runOnlyForDeploymentPostprocessing = 0;
		};
		21F59C451E86270A007A0402 /* Resources */ = {
			isa = PBXResourcesBuildPhase;
			buildActionMask = 2147483647;
			files = (
			);
			runOnlyForDeploymentPostprocessing = 0;
		};
/* End PBXResourcesBuildPhase section */

/* Begin PBXShellScriptBuildPhase section */
		0400ECD56393316E8E061DD0 /* [CP] Copy Pods Resources */ = {
			isa = PBXShellScriptBuildPhase;
			buildActionMask = 2147483647;
			files = (
			);
			inputPaths = (
			);
			name = "[CP] Copy Pods Resources";
			outputPaths = (
			);
			runOnlyForDeploymentPostprocessing = 0;
			shellPath = /bin/sh;
			shellScript = "\"${SRCROOT}/Pods/Target Support Files/Pods-Contacts AppUITests/Pods-Contacts AppUITests-resources.sh\"\n";
			showEnvVarsInLog = 0;
		};
		09237AC6EBD5D6ACBDCE63E4 /* [CP] Copy Pods Resources */ = {
			isa = PBXShellScriptBuildPhase;
			buildActionMask = 2147483647;
			files = (
			);
			inputPaths = (
			);
			name = "[CP] Copy Pods Resources";
			outputPaths = (
			);
			runOnlyForDeploymentPostprocessing = 0;
			shellPath = /bin/sh;
			shellScript = "\"${SRCROOT}/Pods/Target Support Files/Pods-Contacts App/Pods-Contacts App-resources.sh\"\n";
			showEnvVarsInLog = 0;
		};
		424EAB720DEFD3EC3F586361 /* [CP] Copy Pods Resources */ = {
			isa = PBXShellScriptBuildPhase;
			buildActionMask = 2147483647;
			files = (
			);
			inputPaths = (
			);
			name = "[CP] Copy Pods Resources";
			outputPaths = (
			);
			runOnlyForDeploymentPostprocessing = 0;
			shellPath = /bin/sh;
			shellScript = "\"${SRCROOT}/Pods/Target Support Files/Pods-Contacts AppTests/Pods-Contacts AppTests-resources.sh\"\n";
			showEnvVarsInLog = 0;
		};
		4C1482C7237315CA8B4DD941 /* [CP] Embed Pods Frameworks */ = {
			isa = PBXShellScriptBuildPhase;
			buildActionMask = 2147483647;
			files = (
			);
			inputPaths = (
			);
			name = "[CP] Embed Pods Frameworks";
			outputPaths = (
			);
			runOnlyForDeploymentPostprocessing = 0;
			shellPath = /bin/sh;
			shellScript = "\"${SRCROOT}/Pods/Target Support Files/Pods-Contacts App/Pods-Contacts App-frameworks.sh\"\n";
			showEnvVarsInLog = 0;
		};
		6A7B3EC63F0F4CF77E4BFF50 /* [CP] Check Pods Manifest.lock */ = {
			isa = PBXShellScriptBuildPhase;
			buildActionMask = 2147483647;
			files = (
			);
			inputPaths = (
			);
			name = "[CP] Check Pods Manifest.lock";
			outputPaths = (
			);
			runOnlyForDeploymentPostprocessing = 0;
			shellPath = /bin/sh;
			shellScript = "diff \"${PODS_ROOT}/../Podfile.lock\" \"${PODS_ROOT}/Manifest.lock\" > /dev/null\nif [[ $? != 0 ]] ; then\n    cat << EOM\nerror: The sandbox is not in sync with the Podfile.lock. Run 'pod install' or update your CocoaPods installation.\nEOM\n    exit 1\nfi\n";
			showEnvVarsInLog = 0;
		};
		9B9B1684B240A7500A38CE44 /* [CP] Check Pods Manifest.lock */ = {
			isa = PBXShellScriptBuildPhase;
			buildActionMask = 2147483647;
			files = (
			);
			inputPaths = (
			);
			name = "[CP] Check Pods Manifest.lock";
			outputPaths = (
			);
			runOnlyForDeploymentPostprocessing = 0;
			shellPath = /bin/sh;
			shellScript = "diff \"${PODS_ROOT}/../Podfile.lock\" \"${PODS_ROOT}/Manifest.lock\" > /dev/null\nif [[ $? != 0 ]] ; then\n    cat << EOM\nerror: The sandbox is not in sync with the Podfile.lock. Run 'pod install' or update your CocoaPods installation.\nEOM\n    exit 1\nfi\n";
			showEnvVarsInLog = 0;
		};
		BF4700841F99EC07884385AF /* [CP] Embed Pods Frameworks */ = {
			isa = PBXShellScriptBuildPhase;
			buildActionMask = 2147483647;
			files = (
			);
			inputPaths = (
			);
			name = "[CP] Embed Pods Frameworks";
			outputPaths = (
			);
			runOnlyForDeploymentPostprocessing = 0;
			shellPath = /bin/sh;
			shellScript = "\"${SRCROOT}/Pods/Target Support Files/Pods-Contacts AppTests/Pods-Contacts AppTests-frameworks.sh\"\n";
			showEnvVarsInLog = 0;
		};
		EF97B01A3740D9886372EEF6 /* [CP] Check Pods Manifest.lock */ = {
			isa = PBXShellScriptBuildPhase;
			buildActionMask = 2147483647;
			files = (
			);
			inputPaths = (
			);
			name = "[CP] Check Pods Manifest.lock";
			outputPaths = (
			);
			runOnlyForDeploymentPostprocessing = 0;
			shellPath = /bin/sh;
			shellScript = "diff \"${PODS_ROOT}/../Podfile.lock\" \"${PODS_ROOT}/Manifest.lock\" > /dev/null\nif [[ $? != 0 ]] ; then\n    cat << EOM\nerror: The sandbox is not in sync with the Podfile.lock. Run 'pod install' or update your CocoaPods installation.\nEOM\n    exit 1\nfi\n";
			showEnvVarsInLog = 0;
		};
/* End PBXShellScriptBuildPhase section */

/* Begin PBXSourcesBuildPhase section */
		21F59C241E862709007A0402 /* Sources */ = {
			isa = PBXSourcesBuildPhase;
			buildActionMask = 2147483647;
			files = (
				21F59C711E86437E007A0402 /* HomeViewController.swift in Sources */,
				21F59C6A1E864076007A0402 /* RouterProtocol.swift in Sources */,
				21F59C6C1E86414E007A0402 /* ContactsHelper.swift in Sources */,
				21F59C691E864076007A0402 /* RequestBody.swift in Sources */,
				21F59C2C1E86270A007A0402 /* AppDelegate.swift in Sources */,
			);
			runOnlyForDeploymentPostprocessing = 0;
		};
		21F59C381E86270A007A0402 /* Sources */ = {
			isa = PBXSourcesBuildPhase;
			buildActionMask = 2147483647;
			files = (
				21F59C411E86270A007A0402 /* Contacts_AppTests.swift in Sources */,
			);
			runOnlyForDeploymentPostprocessing = 0;
		};
		21F59C431E86270A007A0402 /* Sources */ = {
			isa = PBXSourcesBuildPhase;
			buildActionMask = 2147483647;
			files = (
				21F59C4C1E86270A007A0402 /* Contacts_AppUITests.swift in Sources */,
			);
			runOnlyForDeploymentPostprocessing = 0;
		};
/* End PBXSourcesBuildPhase section */

/* Begin PBXTargetDependency section */
		21F59C3E1E86270A007A0402 /* PBXTargetDependency */ = {
			isa = PBXTargetDependency;
			target = 21F59C271E862709007A0402 /* Contacts App */;
			targetProxy = 21F59C3D1E86270A007A0402 /* PBXContainerItemProxy */;
		};
		21F59C491E86270A007A0402 /* PBXTargetDependency */ = {
			isa = PBXTargetDependency;
			target = 21F59C271E862709007A0402 /* Contacts App */;
			targetProxy = 21F59C481E86270A007A0402 /* PBXContainerItemProxy */;
		};
/* End PBXTargetDependency section */

/* Begin PBXVariantGroup section */
		21F59C2F1E86270A007A0402 /* Main.storyboard */ = {
			isa = PBXVariantGroup;
			children = (
				21F59C301E86270A007A0402 /* Base */,
			);
			name = Main.storyboard;
			sourceTree = "<group>";
		};
		21F59C341E86270A007A0402 /* LaunchScreen.storyboard */ = {
			isa = PBXVariantGroup;
			children = (
				21F59C351E86270A007A0402 /* Base */,
			);
			name = LaunchScreen.storyboard;
			sourceTree = "<group>";
		};
/* End PBXVariantGroup section */

/* Begin XCBuildConfiguration section */
		21F59C4E1E86270A007A0402 /* Debug */ = {
			isa = XCBuildConfiguration;
			buildSettings = {
				ALWAYS_SEARCH_USER_PATHS = NO;
				CLANG_ANALYZER_NONNULL = YES;
				CLANG_CXX_LANGUAGE_STANDARD = "gnu++0x";
				CLANG_CXX_LIBRARY = "libc++";
				CLANG_ENABLE_MODULES = YES;
				CLANG_ENABLE_OBJC_ARC = YES;
				CLANG_WARN_BOOL_CONVERSION = YES;
				CLANG_WARN_CONSTANT_CONVERSION = YES;
				CLANG_WARN_DIRECT_OBJC_ISA_USAGE = YES_ERROR;
				CLANG_WARN_DOCUMENTATION_COMMENTS = YES;
				CLANG_WARN_EMPTY_BODY = YES;
				CLANG_WARN_ENUM_CONVERSION = YES;
				CLANG_WARN_INFINITE_RECURSION = YES;
				CLANG_WARN_INT_CONVERSION = YES;
				CLANG_WARN_OBJC_ROOT_CLASS = YES_ERROR;
				CLANG_WARN_SUSPICIOUS_MOVES = YES;
				CLANG_WARN_UNREACHABLE_CODE = YES;
				CLANG_WARN__DUPLICATE_METHOD_MATCH = YES;
				"CODE_SIGN_IDENTITY[sdk=iphoneos*]" = "iPhone Developer";
				COPY_PHASE_STRIP = NO;
				DEBUG_INFORMATION_FORMAT = dwarf;
				ENABLE_STRICT_OBJC_MSGSEND = YES;
				ENABLE_TESTABILITY = YES;
				GCC_C_LANGUAGE_STANDARD = gnu99;
				GCC_DYNAMIC_NO_PIC = NO;
				GCC_NO_COMMON_BLOCKS = YES;
				GCC_OPTIMIZATION_LEVEL = 0;
				GCC_PREPROCESSOR_DEFINITIONS = (
					"DEBUG=1",
					"$(inherited)",
				);
				GCC_WARN_64_TO_32_BIT_CONVERSION = YES;
				GCC_WARN_ABOUT_RETURN_TYPE = YES_ERROR;
				GCC_WARN_UNDECLARED_SELECTOR = YES;
				GCC_WARN_UNINITIALIZED_AUTOS = YES_AGGRESSIVE;
				GCC_WARN_UNUSED_FUNCTION = YES;
				GCC_WARN_UNUSED_VARIABLE = YES;
				IPHONEOS_DEPLOYMENT_TARGET = 10.1;
				MTL_ENABLE_DEBUG_INFO = YES;
				ONLY_ACTIVE_ARCH = YES;
				SDKROOT = iphoneos;
				SWIFT_ACTIVE_COMPILATION_CONDITIONS = DEBUG;
				SWIFT_OPTIMIZATION_LEVEL = "-Onone";
			};
			name = Debug;
		};
		21F59C4F1E86270A007A0402 /* Release */ = {
			isa = XCBuildConfiguration;
			buildSettings = {
				ALWAYS_SEARCH_USER_PATHS = NO;
				CLANG_ANALYZER_NONNULL = YES;
				CLANG_CXX_LANGUAGE_STANDARD = "gnu++0x";
				CLANG_CXX_LIBRARY = "libc++";
				CLANG_ENABLE_MODULES = YES;
				CLANG_ENABLE_OBJC_ARC = YES;
				CLANG_WARN_BOOL_CONVERSION = YES;
				CLANG_WARN_CONSTANT_CONVERSION = YES;
				CLANG_WARN_DIRECT_OBJC_ISA_USAGE = YES_ERROR;
				CLANG_WARN_DOCUMENTATION_COMMENTS = YES;
				CLANG_WARN_EMPTY_BODY = YES;
				CLANG_WARN_ENUM_CONVERSION = YES;
				CLANG_WARN_INFINITE_RECURSION = YES;
				CLANG_WARN_INT_CONVERSION = YES;
				CLANG_WARN_OBJC_ROOT_CLASS = YES_ERROR;
				CLANG_WARN_SUSPICIOUS_MOVES = YES;
				CLANG_WARN_UNREACHABLE_CODE = YES;
				CLANG_WARN__DUPLICATE_METHOD_MATCH = YES;
				"CODE_SIGN_IDENTITY[sdk=iphoneos*]" = "iPhone Developer";
				COPY_PHASE_STRIP = NO;
				DEBUG_INFORMATION_FORMAT = "dwarf-with-dsym";
				ENABLE_NS_ASSERTIONS = NO;
				ENABLE_STRICT_OBJC_MSGSEND = YES;
				GCC_C_LANGUAGE_STANDARD = gnu99;
				GCC_NO_COMMON_BLOCKS = YES;
				GCC_WARN_64_TO_32_BIT_CONVERSION = YES;
				GCC_WARN_ABOUT_RETURN_TYPE = YES_ERROR;
				GCC_WARN_UNDECLARED_SELECTOR = YES;
				GCC_WARN_UNINITIALIZED_AUTOS = YES_AGGRESSIVE;
				GCC_WARN_UNUSED_FUNCTION = YES;
				GCC_WARN_UNUSED_VARIABLE = YES;
				IPHONEOS_DEPLOYMENT_TARGET = 10.1;
				MTL_ENABLE_DEBUG_INFO = NO;
				SDKROOT = iphoneos;
				SWIFT_OPTIMIZATION_LEVEL = "-Owholemodule";
				VALIDATE_PRODUCT = YES;
			};
			name = Release;
		};
		21F59C511E86270A007A0402 /* Debug */ = {
			isa = XCBuildConfiguration;
			baseConfigurationReference = EC88544A3788AB2F89DF3A2D /* Pods-Contacts App.debug.xcconfig */;
			buildSettings = {
				ASSETCATALOG_COMPILER_APPICON_NAME = AppIcon;
				DEVELOPMENT_TEAM = KB2S2GGRRN;
				INFOPLIST_FILE = "Contacts App/Info.plist";
				LD_RUNPATH_SEARCH_PATHS = "$(inherited) @executable_path/Frameworks";
				PRODUCT_BUNDLE_IDENTIFIER = "com.ios.aadi.Contacts-App";
				PRODUCT_NAME = "$(TARGET_NAME)";
				SWIFT_VERSION = 3.0;
			};
			name = Debug;
		};
		21F59C521E86270A007A0402 /* Release */ = {
			isa = XCBuildConfiguration;
			baseConfigurationReference = E979F4B525BDEBB3F7201EA0 /* Pods-Contacts App.release.xcconfig */;
			buildSettings = {
				ASSETCATALOG_COMPILER_APPICON_NAME = AppIcon;
				DEVELOPMENT_TEAM = KB2S2GGRRN;
				INFOPLIST_FILE = "Contacts App/Info.plist";
				LD_RUNPATH_SEARCH_PATHS = "$(inherited) @executable_path/Frameworks";
				PRODUCT_BUNDLE_IDENTIFIER = "com.ios.aadi.Contacts-App";
				PRODUCT_NAME = "$(TARGET_NAME)";
				SWIFT_VERSION = 3.0;
			};
			name = Release;
		};
		21F59C541E86270A007A0402 /* Debug */ = {
			isa = XCBuildConfiguration;
			baseConfigurationReference = B885C37569C71A6BC94274D7 /* Pods-Contacts AppTests.debug.xcconfig */;
			buildSettings = {
				ALWAYS_EMBED_SWIFT_STANDARD_LIBRARIES = YES;
				BUNDLE_LOADER = "$(TEST_HOST)";
				DEVELOPMENT_TEAM = KB2S2GGRRN;
				INFOPLIST_FILE = "Contacts AppTests/Info.plist";
				LD_RUNPATH_SEARCH_PATHS = "$(inherited) @executable_path/Frameworks @loader_path/Frameworks";
				PRODUCT_BUNDLE_IDENTIFIER = "com.ios.aadi.Contacts-AppTests";
				PRODUCT_NAME = "$(TARGET_NAME)";
				SWIFT_VERSION = 3.0;
				TEST_HOST = "$(BUILT_PRODUCTS_DIR)/Contacts App.app/Contacts App";
			};
			name = Debug;
		};
		21F59C551E86270A007A0402 /* Release */ = {
			isa = XCBuildConfiguration;
			baseConfigurationReference = 19944FC0BB4CFA09F55113F0 /* Pods-Contacts AppTests.release.xcconfig */;
			buildSettings = {
				ALWAYS_EMBED_SWIFT_STANDARD_LIBRARIES = YES;
				BUNDLE_LOADER = "$(TEST_HOST)";
				DEVELOPMENT_TEAM = KB2S2GGRRN;
				INFOPLIST_FILE = "Contacts AppTests/Info.plist";
				LD_RUNPATH_SEARCH_PATHS = "$(inherited) @executable_path/Frameworks @loader_path/Frameworks";
				PRODUCT_BUNDLE_IDENTIFIER = "com.ios.aadi.Contacts-AppTests";
				PRODUCT_NAME = "$(TARGET_NAME)";
				SWIFT_VERSION = 3.0;
				TEST_HOST = "$(BUILT_PRODUCTS_DIR)/Contacts App.app/Contacts App";
			};
			name = Release;
		};
		21F59C571E86270A007A0402 /* Debug */ = {
			isa = XCBuildConfiguration;
			baseConfigurationReference = 4A097E63B2BCFAE06DF8FA3A /* Pods-Contacts AppUITests.debug.xcconfig */;
			buildSettings = {
				ALWAYS_EMBED_SWIFT_STANDARD_LIBRARIES = YES;
				DEVELOPMENT_TEAM = KB2S2GGRRN;
				INFOPLIST_FILE = "Contacts AppUITests/Info.plist";
				LD_RUNPATH_SEARCH_PATHS = "$(inherited) @executable_path/Frameworks @loader_path/Frameworks";
				PRODUCT_BUNDLE_IDENTIFIER = "com.ios.aadi.Contacts-AppUITests";
				PRODUCT_NAME = "$(TARGET_NAME)";
				SWIFT_VERSION = 3.0;
				TEST_TARGET_NAME = "Contacts App";
			};
			name = Debug;
		};
		21F59C581E86270A007A0402 /* Release */ = {
			isa = XCBuildConfiguration;
			baseConfigurationReference = 03318F5704A646F35A245EB0 /* Pods-Contacts AppUITests.release.xcconfig */;
			buildSettings = {
				ALWAYS_EMBED_SWIFT_STANDARD_LIBRARIES = YES;
				DEVELOPMENT_TEAM = KB2S2GGRRN;
				INFOPLIST_FILE = "Contacts AppUITests/Info.plist";
				LD_RUNPATH_SEARCH_PATHS = "$(inherited) @executable_path/Frameworks @loader_path/Frameworks";
				PRODUCT_BUNDLE_IDENTIFIER = "com.ios.aadi.Contacts-AppUITests";
				PRODUCT_NAME = "$(TARGET_NAME)";
				SWIFT_VERSION = 3.0;
				TEST_TARGET_NAME = "Contacts App";
			};
			name = Release;
		};
/* End XCBuildConfiguration section */

/* Begin XCConfigurationList section */
		21F59C231E862709007A0402 /* Build configuration list for PBXProject "Contacts App" */ = {
			isa = XCConfigurationList;
			buildConfigurations = (
				21F59C4E1E86270A007A0402 /* Debug */,
				21F59C4F1E86270A007A0402 /* Release */,
			);
			defaultConfigurationIsVisible = 0;
			defaultConfigurationName = Release;
		};
		21F59C501E86270A007A0402 /* Build configuration list for PBXNativeTarget "Contacts App" */ = {
			isa = XCConfigurationList;
			buildConfigurations = (
				21F59C511E86270A007A0402 /* Debug */,
				21F59C521E86270A007A0402 /* Release */,
			);
			defaultConfigurationIsVisible = 0;
			defaultConfigurationName = Release;
		};
		21F59C531E86270A007A0402 /* Build configuration list for PBXNativeTarget "Contacts AppTests" */ = {
			isa = XCConfigurationList;
			buildConfigurations = (
				21F59C541E86270A007A0402 /* Debug */,
				21F59C551E86270A007A0402 /* Release */,
			);
			defaultConfigurationIsVisible = 0;
			defaultConfigurationName = Release;
		};
		21F59C561E86270A007A0402 /* Build configuration list for PBXNativeTarget "Contacts AppUITests" */ = {
			isa = XCConfigurationList;
			buildConfigurations = (
				21F59C571E86270A007A0402 /* Debug */,
				21F59C581E86270A007A0402 /* Release */,
			);
			defaultConfigurationIsVisible = 0;
			defaultConfigurationName = Release;
		};
/* End XCConfigurationList section */
	};
	rootObject = 21F59C201E862709007A0402 /* Project object */;
}
